<?xml version="1.0" encoding="utf-8"?>
<Project ToolsVersion="4.0" xmlns="http://schemas.microsoft.com/developer/msbuild/2003">
  <ItemGroup>
    <Filter Include="源文件">
      <UniqueIdentifier>{4FC737F1-C7A5-4376-A066-2A32D752A2FF}</UniqueIdentifier>
      <Extensions>cpp;c;cc;cxx;def;odl;idl;hpj;bat;asm;asmx</Extensions>
    </Filter>
    <Filter Include="头文件">
      <UniqueIdentifier>{93995380-89BD-4b04-88EB-625FBE52EBFB}</UniqueIdentifier>
      <Extensions>h;hh;hpp;hxx;hm;inl;inc;ipp;xsd</Extensions>
    </Filter>
    <Filter Include="资源文件">
      <UniqueIdentifier>{67DA6AB6-F800-4c08-8B7A-83BB121AAD01}</UniqueIdentifier>
      <Extensions>rc;ico;cur;bmp;dlg;rc2;rct;bin;rgs;gif;jpg;jpeg;jpe;resx;tiff;tif;png;wav;mfcribbon-ms</Extensions>
    </Filter>
  </ItemGroup>
  <ItemGroup>
    <ClCompile Include="1_内存四区之全局区.cpp">
      <Filter>源文件</Filter>
    </ClCompile>
    <ClCompile Include="2_内存四区之栈区.cpp">
      <Filter>源文件</Filter>
    </ClCompile>
    <ClCompile Include="3_内存四区之堆区.cpp">
      <Filter>源文件</Filter>
    </ClCompile>
    <ClCompile Include="4_new操作符.cpp">
      <Filter>源文件</Filter>
    </ClCompile>
    <ClCompile Include="5_引用.cpp">
      <Filter>源文件</Filter>
    </ClCompile>
    <ClCompile Include="6_引用的注意事项.cpp">
      <Filter>源文件</Filter>
    </ClCompile>
    <ClCompile Include="7_引用做函数参数.cpp">
      <Filter>源文件</Filter>
    </ClCompile>
    <ClCompile Include="8_引用做函数返回值.cpp">
      <Filter>源文件</Filter>
    </ClCompile>
    <ClCompile Include="9_常量引用.cpp">
      <Filter>源文件</Filter>
    </ClCompile>
    <ClCompile Include="10_函数默认参数.cpp">
      <Filter>源文件</Filter>
    </ClCompile>
    <ClCompile Include="11_函数占位参数.cpp">
      <Filter>源文件</Filter>
    </ClCompile>
    <ClCompile Include="12_函数重载.cpp">
      <Filter>源文件</Filter>
    </ClCompile>
    <ClCompile Include="13_函数重载的注意事项.cpp">
      <Filter>源文件</Filter>
    </ClCompile>
    <ClCompile Include="14_封装的意义.cpp">
      <Filter>源文件</Filter>
    </ClCompile>
    <ClCompile Include="15_访问权限的控制.cpp">
      <Filter>源文件</Filter>
    </ClCompile>
    <ClCompile Include="16_class和struct之间的区别.cpp">
      <Filter>源文件</Filter>
    </ClCompile>
    <ClCompile Include="Point.cpp">
      <Filter>源文件</Filter>
    </ClCompile>
    <ClCompile Include="circle.cpp">
      <Filter>源文件</Filter>
    </ClCompile>
    <ClCompile Include="17_封装对象设计案例_点和圆心的关系.cpp">
      <Filter>源文件</Filter>
    </ClCompile>
    <ClCompile Include="18_构造函数和析构函数.cpp">
      <Filter>源文件</Filter>
    </ClCompile>
    <ClCompile Include="19_构造函数的分类.cpp">
      <Filter>源文件</Filter>
    </ClCompile>
    <ClCompile Include="20_拷贝构造函数的调用时机.cpp">
      <Filter>源文件</Filter>
    </ClCompile>
    <ClCompile Include="21_对象的浅拷贝与深拷贝cpp.cpp">
      <Filter>源文件</Filter>
    </ClCompile>
    <ClCompile Include="22_初始化列表.cpp">
      <Filter>源文件</Filter>
    </ClCompile>
    <ClCompile Include="23_类对象作为类成员.cpp">
      <Filter>源文件</Filter>
    </ClCompile>
    <ClCompile Include="24_静态成员变量.cpp">
      <Filter>源文件</Filter>
    </ClCompile>
    <ClCompile Include="25_静态成员函数.cpp">
      <Filter>源文件</Filter>
    </ClCompile>
    <ClCompile Include="26_成员变量和成员函数分开储存.cpp">
      <Filter>源文件</Filter>
    </ClCompile>
    <ClCompile Include="27_this指针概念.cpp">
      <Filter>源文件</Filter>
    </ClCompile>
    <ClCompile Include="28_空指针访问成员函数.cpp">
      <Filter>源文件</Filter>
    </ClCompile>
    <ClCompile Include="29_常函数和常对象.cpp">
      <Filter>源文件</Filter>
    </ClCompile>
    <ClCompile Include="30_全局函数做友元.cpp">
      <Filter>源文件</Filter>
    </ClCompile>
    <ClCompile Include="31_类做友元.cpp">
      <Filter>源文件</Filter>
    </ClCompile>
    <ClCompile Include="32_成员函数做友元.cpp">
      <Filter>源文件</Filter>
    </ClCompile>
    <ClCompile Include="33_加号运算符重载.cpp">
      <Filter>源文件</Filter>
    </ClCompile>
    <ClCompile Include="34_重载左移运算符cpp.cpp">
      <Filter>源文件</Filter>
    </ClCompile>
    <ClCompile Include="35_重载递增运算符.cpp">
      <Filter>源文件</Filter>
    </ClCompile>
    <ClCompile Include="36_赋值运算符重载.cpp">
      <Filter>源文件</Filter>
    </ClCompile>
    <ClCompile Include="37_关系运算符重载.cpp">
      <Filter>源文件</Filter>
    </ClCompile>
    <ClCompile Include="38_函数调用符重载.cpp">
      <Filter>源文件</Filter>
    </ClCompile>
    <ClCompile Include="39_继承.cpp">
      <Filter>源文件</Filter>
    </ClCompile>
    <ClCompile Include="40_继承中的对象模型.cpp">
      <Filter>源文件</Filter>
    </ClCompile>
    <ClCompile Include="41_继承中构造和析构的顺序.cpp">
      <Filter>源文件</Filter>
    </ClCompile>
    <ClCompile Include="42_继承同名成员处理方式.cpp">
      <Filter>源文件</Filter>
    </ClCompile>
    <ClCompile Include="43_多继承.cpp">
      <Filter>源文件</Filter>
    </ClCompile>
    <ClCompile Include="44_菱形继承.cpp">
      <Filter>源文件</Filter>
    </ClCompile>
    <ClCompile Include="45_多态cpp.cpp">
      <Filter>源文件</Filter>
    </ClCompile>
    <ClCompile Include="46_多态案例1_计算器.cpp">
      <Filter>源文件</Filter>
    </ClCompile>
    <ClCompile Include="47_纯虚函数和抽象类.cpp">
      <Filter>源文件</Filter>
    </ClCompile>
    <ClCompile Include="48_多态案例2_制作饮品cpp.cpp">
      <Filter>源文件</Filter>
    </ClCompile>
    <ClCompile Include="49_虚析构和纯虚析构.cpp">
      <Filter>源文件</Filter>
    </ClCompile>
    <ClCompile Include="50_多态案例3.cpp">
      <Filter>源文件</Filter>
    </ClCompile>
    <ClCompile Include="51_文本文件_写文件.cpp">
      <Filter>源文件</Filter>
    </ClCompile>
    <ClCompile Include="52_文本文件_读文件.cpp">
      <Filter>源文件</Filter>
    </ClCompile>
    <ClCompile Include="53_二进制文件_写文件.cpp">
      <Filter>源文件</Filter>
    </ClCompile>
    <ClCompile Include="54_二进制文件_读取文件.cpp">
      <Filter>源文件</Filter>
    </ClCompile>
  </ItemGroup>
  <ItemGroup>
    <ClInclude Include="point.h">
      <Filter>头文件</Filter>
    </ClInclude>
    <ClInclude Include="circle.h">
      <Filter>头文件</Filter>
    </ClInclude>
  </ItemGroup>
</Project>