
Microsoft Visual Studio Solution File, Format Version 12.00
# Visual Studio 15
VisualStudioVersion = 15.0.28307.1259
MinimumVisualStudioVersion = 10.0.40219.1
Project("{8BC9CEB8-8B4A-11D0-8D11-00A0C91BC942}") = "基于多态的职工管理系统", "基于多态的职工管理系统\基于多态的职工管理系统.vcxproj", "{EF5F9695-09FE-414D-A8FD-E8C99DE3AC77}"
EndProject
Global
	GlobalSection(SolutionConfigurationPlatforms) = preSolution
		Debug|x64 = Debug|x64
		Debug|x86 = Debug|x86
		Release|x64 = Release|x64
		Release|x86 = Release|x86
	EndGlobalSection
	GlobalSection(ProjectConfigurationPlatforms) = postSolution
		{EF5F9695-09FE-414D-A8FD-E8C99DE3AC77}.Debug|x64.ActiveCfg = Debug|x64
		{EF5F9695-09FE-414D-A8FD-E8C99DE3AC77}.Debug|x64.Build.0 = Debug|x64
		{EF5F9695-09FE-414D-A8FD-E8C99DE3AC77}.Debug|x86.ActiveCfg = Debug|Win32
		{EF5F9695-09FE-414D-A8FD-E8C99DE3AC77}.Debug|x86.Build.0 = Debug|Win32
		{EF5F9695-09FE-414D-A8FD-E8C99DE3AC77}.Release|x64.ActiveCfg = Release|x64
		{EF5F9695-09FE-414D-A8FD-E8C99DE3AC77}.Release|x64.Build.0 = Release|x64
		{EF5F9695-09FE-414D-A8FD-E8C99DE3AC77}.Release|x86.ActiveCfg = Release|Win32
		{EF5F9695-09FE-414D-A8FD-E8C99DE3AC77}.Release|x86.Build.0 = Release|Win32
	EndGlobalSection
	GlobalSection(SolutionProperties) = preSolution
		HideSolutionNode = FALSE
	EndGlobalSection
	GlobalSection(ExtensibilityGlobals) = postSolution
		SolutionGuid = {35F37C41-4641-4E52-803F-B75C9EE1D101}
	EndGlobalSection
EndGlobal
